
Microsoft Visual Studio Solution File, Format Version 12.00
# Visual Studio Version 17
VisualStudioVersion = 17.0.31903.59
MinimumVisualStudioVersion = 10.0.40219.1
Project("{FAE04EC0-301F-11D3-BF4B-00C04F79EFBC}") = "simple-lib", "simple-lib\simple-lib.csproj", "{12F567BF-8BD4-4364-AE0C-AA68A0BF615D}"
EndProject
Project("{FAE04EC0-301F-11D3-BF4B-00C04F79EFBC}") = "simple-console", "simple-console\simple-console.csproj", "{E5027E69-8841-418E-899A-80A4550E05BE}"
EndProject
Project("{FAE04EC0-301F-11D3-BF4B-00C04F79EFBC}") = "simple-test", "simple-test\simple-test.csproj", "{8D996160-E1FB-4307-A4A6-411EDBD39F08}"
EndProject
Project("{FAE04EC0-301F-11D3-BF4B-00C04F79EFBC}") = "simple-nunit", "simple-nunit\simple-nunit.csproj", "{4532B829-791B-4914-9423-0A75AD10B980}"
EndProject
Project("{FAE04EC0-301F-11D3-BF4B-00C04F79EFBC}") = "csharp-lang", "csharp-lang\csharp-lang.csproj", "{62A03636-74FC-4E64-B402-52E3AA0AC435}"
EndProject
Project("{FAE04EC0-301F-11D3-BF4B-00C04F79EFBC}") = "micro-benchmark", "micro-benchmark\micro-benchmark.csproj", "{9C3C4471-4AE9-47D1-9892-3D6B16CBA569}"
EndProject
Global
	GlobalSection(SolutionConfigurationPlatforms) = preSolution
		Debug|Any CPU = Debug|Any CPU
		Release|Any CPU = Release|Any CPU
	EndGlobalSection
	GlobalSection(SolutionProperties) = preSolution
		HideSolutionNode = FALSE
	EndGlobalSection
	GlobalSection(ProjectConfigurationPlatforms) = postSolution
		{12F567BF-8BD4-4364-AE0C-AA68A0BF615D}.Debug|Any CPU.ActiveCfg = Debug|Any CPU
		{12F567BF-8BD4-4364-AE0C-AA68A0BF615D}.Debug|Any CPU.Build.0 = Debug|Any CPU
		{12F567BF-8BD4-4364-AE0C-AA68A0BF615D}.Release|Any CPU.ActiveCfg = Release|Any CPU
		{12F567BF-8BD4-4364-AE0C-AA68A0BF615D}.Release|Any CPU.Build.0 = Release|Any CPU
		{E5027E69-8841-418E-899A-80A4550E05BE}.Debug|Any CPU.ActiveCfg = Debug|Any CPU
		{E5027E69-8841-418E-899A-80A4550E05BE}.Debug|Any CPU.Build.0 = Debug|Any CPU
		{E5027E69-8841-418E-899A-80A4550E05BE}.Release|Any CPU.ActiveCfg = Release|Any CPU
		{E5027E69-8841-418E-899A-80A4550E05BE}.Release|Any CPU.Build.0 = Release|Any CPU
		{8D996160-E1FB-4307-A4A6-411EDBD39F08}.Debug|Any CPU.ActiveCfg = Debug|Any CPU
		{8D996160-E1FB-4307-A4A6-411EDBD39F08}.Debug|Any CPU.Build.0 = Debug|Any CPU
		{8D996160-E1FB-4307-A4A6-411EDBD39F08}.Release|Any CPU.ActiveCfg = Release|Any CPU
		{8D996160-E1FB-4307-A4A6-411EDBD39F08}.Release|Any CPU.Build.0 = Release|Any CPU
		{4532B829-791B-4914-9423-0A75AD10B980}.Debug|Any CPU.ActiveCfg = Debug|Any CPU
		{4532B829-791B-4914-9423-0A75AD10B980}.Debug|Any CPU.Build.0 = Debug|Any CPU
		{4532B829-791B-4914-9423-0A75AD10B980}.Release|Any CPU.ActiveCfg = Release|Any CPU
		{4532B829-791B-4914-9423-0A75AD10B980}.Release|Any CPU.Build.0 = Release|Any CPU
		{62A03636-74FC-4E64-B402-52E3AA0AC435}.Debug|Any CPU.ActiveCfg = Debug|Any CPU
		{62A03636-74FC-4E64-B402-52E3AA0AC435}.Debug|Any CPU.Build.0 = Debug|Any CPU
		{62A03636-74FC-4E64-B402-52E3AA0AC435}.Release|Any CPU.ActiveCfg = Release|Any CPU
		{62A03636-74FC-4E64-B402-52E3AA0AC435}.Release|Any CPU.Build.0 = Release|Any CPU
		{9C3C4471-4AE9-47D1-9892-3D6B16CBA569}.Debug|Any CPU.ActiveCfg = Debug|Any CPU
		{9C3C4471-4AE9-47D1-9892-3D6B16CBA569}.Debug|Any CPU.Build.0 = Debug|Any CPU
		{9C3C4471-4AE9-47D1-9892-3D6B16CBA569}.Release|Any CPU.ActiveCfg = Release|Any CPU
		{9C3C4471-4AE9-47D1-9892-3D6B16CBA569}.Release|Any CPU.Build.0 = Release|Any CPU
	EndGlobalSection
EndGlobal
